{
  "name": "4.-llm-clash",
  "lockfileVersion": 3,
  "requires": true,
  "packages": {
    "": {
      "name": "4.-llm-clash",
      "dependencies": {
        "groq-sdk": "^1.1.2",
        "openai": "^6.35.0",
        "types-node": "^0.0.1-security"
      },
      "devDependencies": {
        "@types/bun": "latest"
      },
      "peerDependencies": {
        "typescript": "^5"
      }
    },
    "node_modules/@types/bun": {
      "version": "1.3.13",
      "resolved": "https://registry.npmjs.org/@types/bun/-/bun-1.3.13.tgz",
      "integrity": "sha512-9fqXWk5YIHGGnUau9TEi+qdlTYDAnOj+xLCmSTwXfAIqXr2x4tytJb43E9uCvt09zJURKXwAtkoH4nLQfzeTXw==",
      "dev": true,
      "license": "MIT",
      "dependencies": {
        "bun-types": "1.3.13"
      }
    },
    "node_modules/@types/node": {
      "version": "25.6.0",
      "dev": true,
      "license": "MIT",
      "dependencies": {
        "undici-types": "~7.19.0"
      }
    },
    "node_modules/bun-types": {
      "version": "1.3.13",
      "dev": true,
      "license": "MIT",
      "dependencies": {
        "@types/node": "*"
      }
    },
    "node_modules/groq-sdk": {
      "version": "1.1.2",
      "license": "Apache-2.0",
      "bin": {
        "groq-sdk": "bin/cli"
      }
    },
    "node_modules/openai": {
      "version": "6.35.0",
      "license": "Apache-2.0",
      "bin": {
        "openai": "bin/cli"
      },
      "peerDependencies": {
        "ws": "^8.18.0",
        "zod": "^3.25 || ^4.0"
      },
      "peerDependenciesMeta": {
        "ws": {
          "optional": true
        },
        "zod": {
          "optional": true
        }
      }
    },
    "node_modules/types-node": {
      "version": "0.0.1-security"
    },
    "node_modules/typescript": {
      "version": "5.9.3",
      "license": "Apache-2.0",
      "peer": true,
      "bin": {
        "tsc": "bin/tsc",
        "tsserver": "bin/tsserver"
      },
      "engines": {
        "node": ">=14.17"
      }
    },
    "node_modules/undici-types": {
      "version": "7.19.2",
      "dev": true,
      "license": "MIT"
    }
  }
}
